
Microsoft Visual Studio Solution File, Format Version 12.00
# Visual Studio Version 17
VisualStudioVersion = 17.6.33815.320
MinimumVisualStudioVersion = 10.0.40219.1
Project("{FAE04EC0-301F-11D3-BF4B-00C04F79EFBC}") = "MythicalDash", "MythicalDash.csproj", "{92A04E13-F64C-4CEE-99DD-328A38609A90}"
EndProject
Global
	GlobalSection(SolutionConfigurationPlatforms) = preSolution
		Debug|Any CPU = Debug|Any CPU
		Release|Any CPU = Release|Any CPU
	EndGlobalSection
	GlobalSection(ProjectConfigurationPlatforms) = postSolution
		{92A04E13-F64C-4CEE-99DD-328A38609A90}.Debug|Any CPU.ActiveCfg = Debug|Any CPU
		{92A04E13-F64C-4CEE-99DD-328A38609A90}.Debug|Any CPU.Build.0 = Debug|Any CPU
		{92A04E13-F64C-4CEE-99DD-328A38609A90}.Release|Any CPU.ActiveCfg = Release|Any CPU
		{92A04E13-F64C-4CEE-99DD-328A38609A90}.Release|Any CPU.Build.0 = Release|Any CPU
	EndGlobalSection
	GlobalSection(SolutionProperties) = preSolution
		HideSolutionNode = FALSE
	EndGlobalSection
	GlobalSection(ExtensibilityGlobals) = postSolution
		SolutionGuid = {57EF9787-8693-492E-99E9-26F919158E9D}
	EndGlobalSection
EndGlobal
